{
  "name": "@yakuzaa/jade",
  "version": "0.1.21",
  "lockfileVersion": 3,
  "requires": true,
  "packages": {
    "": {
      "name": "@yakuzaa/jade",
      "version": "0.1.21",
      "hasInstallScript": true,
      "license": "MIT",
      "dependencies": {
        "@yakuzaa/jade-compiler": "^0.1.17",
        "@yakuzaa/jade-runtime": "^0.1.14"
      },
      "bin": {
        "jade": "cli.js"
      },
      "engines": {
        "node": ">=20.0.0"
      }
    },
    "node_modules/@yakuzaa/jade-compiler": {
      "version": "0.1.17",
      "resolved": "https://registry.npmjs.org/@yakuzaa/jade-compiler/-/jade-compiler-0.1.17.tgz",
      "integrity": "sha512-6lLIPNSytEg4Jl5t6MtsRDT2AkypqxScZ44zktb0ur9Y41M6endHIlSLCH5ZH3EtH0GFWqezsC+ZjqRlBJrHWw==",
      "license": "MIT",
      "dependencies": {
        "wabt": "^1.0.39"
      },
      "bin": {
        "jadec": "dist/cli.js"
      },
      "engines": {
        "node": ">=20.0.0"
      }
    },
    "node_modules/@yakuzaa/jade-runtime": {
      "version": "0.1.14",
      "resolved": "https://registry.npmjs.org/@yakuzaa/jade-runtime/-/jade-runtime-0.1.14.tgz",
      "integrity": "sha512-/sDtTg571A9/jb+jO8t/O6R87gbdEuDSFxqCUnIewzBUKDJJjOAVqlBZQcWSICmMepvMDTZ51cQj4b7RVMRIxw==",
      "license": "MIT",
      "engines": {
        "node": ">=20.0.0"
      }
    },
    "node_modules/wabt": {
      "version": "1.0.39",
      "resolved": "https://registry.npmjs.org/wabt/-/wabt-1.0.39.tgz",
      "integrity": "sha512-ba+dRL/75VQQY7RkU/CgriGbkoWAfS8TDyUlJfJhJ8KhtXgMl5dhNvoPNUcQ9IWRhW8u41glMSuZeTvsYq2rRg==",
      "license": "Apache-2.0",
      "bin": {
        "wasm-decompile": "bin/wasm-decompile",
        "wasm-interp": "bin/wasm-interp",
        "wasm-objdump": "bin/wasm-objdump",
        "wasm-stats": "bin/wasm-stats",
        "wasm-strip": "bin/wasm-strip",
        "wasm-validate": "bin/wasm-validate",
        "wasm2c": "bin/wasm2c",
        "wasm2wat": "bin/wasm2wat",
        "wat2wasm": "bin/wat2wasm"
      }
    }
  }
}
